{
  "pins" : [
    {
      "identity" : "apollo-ios",
      "kind" : "remoteSourceControl",
      "location" : "https://github.com/apollographql/apollo-ios",
      "state" : {
        "revision" : "39fea7617346c0731be25f61afd537e7032fb562",
        "version" : "1.22.0"
      }
    }
  ],
  "version" : 2
}
